{
  "nodes": {
    "flake-utils": {
      "inputs": {
        "systems": "systems"
      },
      "locked": {
        "lastModified": 1705309234,
        "narHash": "sha256-uNRRNRKmJyCRC/8y1RqBkqWBLM034y4qN7EprSdmgyA=",
        "owner": "numtide",
        "repo": "flake-utils",
        "rev": "1ef2e671c3b0c19053962c07dbda38332dcebf26",
        "type": "github"
      },
      "original": {
        "owner": "numtide",
        "repo": "flake-utils",
        "type": "github"
      }
    },
    "hestia": {
      "inputs": {
        "nixpkgs": "nixpkgs"
      },
      "locked": {
        "lastModified": 1665163658,
        "narHash": "sha256-xy0rBYEbJbwj9XJfBljbY5T57Hu8ie9D/vbEXKL+UPc=",
        "owner": "iRevive",
        "repo": "hestia-nix",
        "rev": "14ed414d2c17e6a1d72d02349bcde54241df58ed",
        "type": "github"
      },
      "original": {
        "owner": "iRevive",
        "repo": "hestia-nix",
        "type": "github"
      }
    },
    "nixpkgs": {
      "locked": {
        "lastModified": 1657532632,
        "narHash": "sha256-uEwe1CAQxb0eOWIwxQ3zpMs/llshirlrCXZQz6vkYQU=",
        "owner": "NixOS",
        "repo": "nixpkgs",
        "rev": "85deee6d6c8127d360096a5caa0aeb876b976496",
        "type": "github"
      },
      "original": {
        "id": "nixpkgs",
        "type": "indirect"
      }
    },
    "nixpkgs_2": {
      "locked": {
        "lastModified": 1706640809,
        "narHash": "sha256-7HaE+Zub3fuOtVEcCJ/PDWOgrWMofjs95PQdmH1ukbY=",
        "owner": "nixos",
        "repo": "nixpkgs",
        "rev": "052da229779411d93b7be6e3c3fb9348292b78ca",
        "type": "github"
      },
      "original": {
        "owner": "nixos",
        "ref": "release-23.11",
        "repo": "nixpkgs",
        "type": "github"
      }
    },
    "root": {
      "inputs": {
        "flake-utils": "flake-utils",
        "hestia": "hestia",
        "nixpkgs": "nixpkgs_2"
      }
    },
    "systems": {
      "locked": {
        "lastModified": 1681028828,
        "narHash": "sha256-Vy1rq5AaRuLzOxct8nz4T6wlgyUR7zLU309k9mBC768=",
        "owner": "nix-systems",
        "repo": "default",
        "rev": "da67096a3b9bf56a91d16901293e51ba5b49a27e",
        "type": "github"
      },
      "original": {
        "owner": "nix-systems",
        "repo": "default",
        "type": "github"
      }
    }
  },
  "root": "root",
  "version": 7
}
